
Microsoft Visual Studio Solution File, Format Version 12.00
# Visual Studio Version 17
VisualStudioVersion = 17.14.36301.6 d17.14
MinimumVisualStudioVersion = 10.0.40219.1
Project("{FAE04EC0-301F-11D3-BF4B-00C04F79EFBC}") = "CinemaBaby", "CinemaBaby\CinemaBaby.csproj", "{02096C60-3840-42D1-AF6D-C1C3B132A8BD}"
EndProject
Global
	GlobalSection(SolutionConfigurationPlatforms) = preSolution
		Debug|Any CPU = Debug|Any CPU
		Release|Any CPU = Release|Any CPU
	EndGlobalSection
	GlobalSection(ProjectConfigurationPlatforms) = postSolution
		{02096C60-3840-42D1-AF6D-C1C3B132A8BD}.Debug|Any CPU.ActiveCfg = Debug|Any CPU
		{02096C60-3840-42D1-AF6D-C1C3B132A8BD}.Debug|Any CPU.Build.0 = Debug|Any CPU
		{02096C60-3840-42D1-AF6D-C1C3B132A8BD}.Release|Any CPU.ActiveCfg = Release|Any CPU
		{02096C60-3840-42D1-AF6D-C1C3B132A8BD}.Release|Any CPU.Build.0 = Release|Any CPU
	EndGlobalSection
	GlobalSection(SolutionProperties) = preSolution
		HideSolutionNode = FALSE
	EndGlobalSection
	GlobalSection(ExtensibilityGlobals) = postSolution
		SolutionGuid = {7E01A133-6D96-4052-8E41-37742FC40416}
	EndGlobalSection
EndGlobal
